
Microsoft Visual Studio Solution File, Format Version 12.00
# Visual Studio 15
VisualStudioVersion = 15.0.28010.2041
MinimumVisualStudioVersion = 10.0.40219.1
Project("{8BC9CEB8-8B4A-11D0-8D11-00A0C91BC942}") = "Minecraft cheat", "Minecraft cheat\Minecraft cheat.vcxproj", "{CA786D9B-38D0-42DA-8575-D69431D10610}"
EndProject
Global
	GlobalSection(SolutionConfigurationPlatforms) = preSolution
		Debug|x64 = Debug|x64
		Debug|x86 = Debug|x86
		Release|x64 = Release|x64
		Release|x86 = Release|x86
	EndGlobalSection
	GlobalSection(ProjectConfigurationPlatforms) = postSolution
		{CA786D9B-38D0-42DA-8575-D69431D10610}.Debug|x64.ActiveCfg = Debug|x64
		{CA786D9B-38D0-42DA-8575-D69431D10610}.Debug|x64.Build.0 = Debug|x64
		{CA786D9B-38D0-42DA-8575-D69431D10610}.Debug|x86.ActiveCfg = Debug|Win32
		{CA786D9B-38D0-42DA-8575-D69431D10610}.Debug|x86.Build.0 = Debug|Win32
		{CA786D9B-38D0-42DA-8575-D69431D10610}.Release|x64.ActiveCfg = Release|x64
		{CA786D9B-38D0-42DA-8575-D69431D10610}.Release|x64.Build.0 = Release|x64
		{CA786D9B-38D0-42DA-8575-D69431D10610}.Release|x86.ActiveCfg = Release|Win32
		{CA786D9B-38D0-42DA-8575-D69431D10610}.Release|x86.Build.0 = Release|Win32
	EndGlobalSection
	GlobalSection(SolutionProperties) = preSolution
		HideSolutionNode = FALSE
	EndGlobalSection
	GlobalSection(ExtensibilityGlobals) = postSolution
		SolutionGuid = {A1E59752-FB6A-4173-A689-3F28D8F61207}
	EndGlobalSection
EndGlobal
